PODS:
  - AFNetworking (4.0.1):
    - AFNetworking/NSURLSession (= 4.0.1)
    - AFNetworking/Reachability (= 4.0.1)
    - AFNetworking/Security (= 4.0.1)
    - AFNetworking/Serialization (= 4.0.1)
    - AFNetworking/UIKit (= 4.0.1)
  - AFNetworking/NSURLSession (4.0.1):
    - AFNetworking/Reachability
    - AFNetworking/Security
    - AFNetworking/Serialization
  - AFNetworking/Reachability (4.0.1)
  - AFNetworking/Security (4.0.1)
  - AFNetworking/Serialization (4.0.1)
  - AFNetworking/UIKit (4.0.1):
    - AFNetworking/NSURLSession
  - AOCKit (0.1.0):
    - AFNetworking (= 4.0.1)
    - Aspects (= 1.4.1)
    - DeepLinkKit (= 1.5.1)
    - Masonry (= 1.1.0)
    - MBProgressHUD (= 1.2.0)
    - MJExtension (= 3.2.4)
    - YYCache (= 1.0.4)
  - Aspects (1.4.1)
  - DeepLinkKit (1.5.1)
  - Masonry (1.1.0)
  - MBProgressHUD (1.2.0)
  - MJExtension (3.2.4)
  - YYCache (1.0.4)

DEPENDENCIES:
  - AOCKit (from `../`)

SPEC REPOS:
  trunk:
    - AFNetworking
    - Aspects
    - DeepLinkKit
    - Masonry
    - MBProgressHUD
    - MJExtension
    - YYCache

EXTERNAL SOURCES:
  AOCKit:
    :path: "../"

SPEC CHECKSUMS:
  AFNetworking: 7864c38297c79aaca1500c33288e429c3451fdce
  AOCKit: 1c3d5ec71f7fdbf0131f6f61b70f2e9a0109f732
  Aspects: 7595ba96a6727a58ebcbfc954497fc5d2fdde546
  DeepLinkKit: 9f300348cbb20ef8389a5018a57d8c9952b1831c
  Masonry: 678fab65091a9290e40e2832a55e7ab731aad201
  MBProgressHUD: 3ee5efcc380f6a79a7cc9b363dd669c5e1ae7406
  MJExtension: 88e0900751b6cac8de1cf724ca9838a0b28d5acb
  YYCache: 8105b6638f5e849296c71f331ff83891a4942952

PODFILE CHECKSUM: 860a5eea15a3990ffb5b901c9e59deae01600ddf

COCOAPODS: 1.10.1
